{
  "name": "npm-fflib-common",
  "version": "1.0.10",
  "lockfileVersion": 1,
  "requires": true,
  "dependencies": {
    "npm-fflib-mocks": {
      "version": "1.0.9",
      "resolved": "https://registry.npmjs.org/npm-fflib-mocks/-/npm-fflib-mocks-1.0.9.tgz",
      "integrity": "sha512-RjwWhzbv7t5mPxpInUnpc+gs45JCNbwnwXtCec6WDR++7AsfXfs/eJAUcfwNYRXjKbinn3vAghsj37G0s+Asrg=="
    }
  }
}
