{
  "name": "npm-fflib-common",
  "version": "1.0.20",
  "lockfileVersion": 1,
  "requires": true,
  "dependencies": {
    "npm-fflib-mocks": {
      "version": "1.0.18",
      "resolved": "https://registry.npmjs.org/npm-fflib-mocks/-/npm-fflib-mocks-1.0.18.tgz",
      "integrity": "sha512-QVe8V7Bw6H4nlt2fHsMgMbcE2n6ekxdZ1EFqgUPY0YmKn1VXE9zjcdGorIzjRZh53xe1p292u6GqonxxuOm9YA==",
      "requires": {
        "qfpm": "^1.0.17"
      }
    },
    "qfpm": {
      "version": "1.0.17",
      "resolved": "https://registry.npmjs.org/qfpm/-/qfpm-1.0.17.tgz",
      "integrity": "sha512-53kT9CIY7vJsX4DgJyE4Iwj+fjt6/vU0Wxn7fdktpdGHpjX5OYviHdgzl3CEG80gx4MtkHzxRB+RLZGMRnz9vg=="
    }
  }
}
