{
    "name": "npm-fflib-common",
    "version": "1.0.25",
    "lockfileVersion": 1,
    "requires": true,
    "dependencies": {
        "npm-fflib-mocks": {
            "version": "1.0.21",
            "resolved": "https://registry.npmjs.org/npm-fflib-mocks/-/npm-fflib-mocks-1.0.21.tgz",
            "integrity": "sha512-FUcVf5P/GNobuZ94pbSArfEOqz/9Ck955HA3+M4p5+zkA/X+m46sExhU2IrpLWRY722khTaDwlGKDKUn3nUTXg==",
            "requires": {
                "qfpm": "^1.0.18"
            }
        },
        "qfpm": {
            "version": "1.0.18",
            "resolved": "https://registry.npmjs.org/qfpm/-/qfpm-1.0.18.tgz",
            "integrity": "sha512-BgN6HC9TsWveMPgmh/rlKEi3Q01yzP5B4dil/nzrVZE/ZToin1BWnzJ7Y3CWVwdsuEgRlUlzVb3+DOqiZKikFA=="
        }
    }
}
